
Microsoft Visual Studio Solution File, Format Version 12.00
# Visual Studio Version 16
VisualStudioVersion = 16.0.30114.105
MinimumVisualStudioVersion = 10.0.40219.1
Project("{FAE04EC0-301F-11D3-BF4B-00C04F79EFBC}") = "R5T.T0039", "R5T.T0039\R5T.T0039.csproj", "{18E4833A-678B-46D3-B45B-DBEFC7CCA1D9}"
EndProject
Project("{FAE04EC0-301F-11D3-BF4B-00C04F79EFBC}") = "R5T.T0039.Construction", "R5T.T0039.Construction\R5T.T0039.Construction.csproj", "{F85B9CBF-77D1-41FC-BFBA-655AD3D749E5}"
EndProject
Project("{FAE04EC0-301F-11D3-BF4B-00C04F79EFBC}") = "R5T.T0039.D002.Base", "R5T.T0039.D002.Base\R5T.T0039.D002.Base.csproj", "{F15C83AF-B577-4E6C-B419-8B9AFD1BCD77}"
EndProject
Project("{FAE04EC0-301F-11D3-BF4B-00C04F79EFBC}") = "R5T.T0039.D002.I002", "R5T.T0039.D002.I002\R5T.T0039.D002.I002.csproj", "{D04DD89C-B1C6-4C69-B790-DD309969F067}"
EndProject
Project("{FAE04EC0-301F-11D3-BF4B-00C04F79EFBC}") = "R5T.T0039.T002", "R5T.T0039.T002\R5T.T0039.T002.csproj", "{86BE80F3-65DD-4C79-A37D-3FA5EC28B5EF}"
EndProject
Project("{FAE04EC0-301F-11D3-BF4B-00C04F79EFBC}") = "R5T.T0039.T003", "R5T.T0039.T003\R5T.T0039.T003.csproj", "{C44B678B-5C81-47C6-A23C-CB14CCD39D2D}"
EndProject
Project("{FAE04EC0-301F-11D3-BF4B-00C04F79EFBC}") = "R5T.T0039.T003.X002", "R5T.T0039.T003.X002\R5T.T0039.T003.X002.csproj", "{7F7E891D-2081-44BC-A5EF-547A0BA4D085}"
EndProject
Project("{FAE04EC0-301F-11D3-BF4B-00C04F79EFBC}") = "R5T.T0039.X000", "R5T.T0039.X000\R5T.T0039.X000.csproj", "{6648E252-365E-4270-81ED-C8197CACC2D6}"
EndProject
Project("{2150E333-8FDC-42A3-9474-1A3956D46DE8}") = "_Dependencies", "_Dependencies", "{FC738E99-22FD-427B-877D-8E88937B9D80}"
EndProject
Project("{FAE04EC0-301F-11D3-BF4B-00C04F79EFBC}") = "R5T.T0064", "..\..\R5T.T0064\source\R5T.T0064\R5T.T0064.csproj", "{1C1F4F68-D212-4383-8616-E2041A09EC3F}"
EndProject
Global
	GlobalSection(SolutionConfigurationPlatforms) = preSolution
		Debug|Any CPU = Debug|Any CPU
		Debug|x64 = Debug|x64
		Debug|x86 = Debug|x86
		Release|Any CPU = Release|Any CPU
		Release|x64 = Release|x64
		Release|x86 = Release|x86
	EndGlobalSection
	GlobalSection(SolutionProperties) = preSolution
		HideSolutionNode = FALSE
	EndGlobalSection
	GlobalSection(ProjectConfigurationPlatforms) = postSolution
		{18E4833A-678B-46D3-B45B-DBEFC7CCA1D9}.Debug|Any CPU.ActiveCfg = Debug|Any CPU
		{18E4833A-678B-46D3-B45B-DBEFC7CCA1D9}.Debug|Any CPU.Build.0 = Debug|Any CPU
		{18E4833A-678B-46D3-B45B-DBEFC7CCA1D9}.Debug|x64.ActiveCfg = Debug|Any CPU
		{18E4833A-678B-46D3-B45B-DBEFC7CCA1D9}.Debug|x64.Build.0 = Debug|Any CPU
		{18E4833A-678B-46D3-B45B-DBEFC7CCA1D9}.Debug|x86.ActiveCfg = Debug|Any CPU
		{18E4833A-678B-46D3-B45B-DBEFC7CCA1D9}.Debug|x86.Build.0 = Debug|Any CPU
		{18E4833A-678B-46D3-B45B-DBEFC7CCA1D9}.Release|Any CPU.ActiveCfg = Release|Any CPU
		{18E4833A-678B-46D3-B45B-DBEFC7CCA1D9}.Release|Any CPU.Build.0 = Release|Any CPU
		{18E4833A-678B-46D3-B45B-DBEFC7CCA1D9}.Release|x64.ActiveCfg = Release|Any CPU
		{18E4833A-678B-46D3-B45B-DBEFC7CCA1D9}.Release|x64.Build.0 = Release|Any CPU
		{18E4833A-678B-46D3-B45B-DBEFC7CCA1D9}.Release|x86.ActiveCfg = Release|Any CPU
		{18E4833A-678B-46D3-B45B-DBEFC7CCA1D9}.Release|x86.Build.0 = Release|Any CPU
		{F85B9CBF-77D1-41FC-BFBA-655AD3D749E5}.Debug|Any CPU.ActiveCfg = Debug|Any CPU
		{F85B9CBF-77D1-41FC-BFBA-655AD3D749E5}.Debug|Any CPU.Build.0 = Debug|Any CPU
		{F85B9CBF-77D1-41FC-BFBA-655AD3D749E5}.Debug|x64.ActiveCfg = Debug|Any CPU
		{F85B9CBF-77D1-41FC-BFBA-655AD3D749E5}.Debug|x64.Build.0 = Debug|Any CPU
		{F85B9CBF-77D1-41FC-BFBA-655AD3D749E5}.Debug|x86.ActiveCfg = Debug|Any CPU
		{F85B9CBF-77D1-41FC-BFBA-655AD3D749E5}.Debug|x86.Build.0 = Debug|Any CPU
		{F85B9CBF-77D1-41FC-BFBA-655AD3D749E5}.Release|Any CPU.ActiveCfg = Release|Any CPU
		{F85B9CBF-77D1-41FC-BFBA-655AD3D749E5}.Release|Any CPU.Build.0 = Release|Any CPU
		{F85B9CBF-77D1-41FC-BFBA-655AD3D749E5}.Release|x64.ActiveCfg = Release|Any CPU
		{F85B9CBF-77D1-41FC-BFBA-655AD3D749E5}.Release|x64.Build.0 = Release|Any CPU
		{F85B9CBF-77D1-41FC-BFBA-655AD3D749E5}.Release|x86.ActiveCfg = Release|Any CPU
		{F85B9CBF-77D1-41FC-BFBA-655AD3D749E5}.Release|x86.Build.0 = Release|Any CPU
		{F15C83AF-B577-4E6C-B419-8B9AFD1BCD77}.Debug|Any CPU.ActiveCfg = Debug|Any CPU
		{F15C83AF-B577-4E6C-B419-8B9AFD1BCD77}.Debug|Any CPU.Build.0 = Debug|Any CPU
		{F15C83AF-B577-4E6C-B419-8B9AFD1BCD77}.Debug|x64.ActiveCfg = Debug|Any CPU
		{F15C83AF-B577-4E6C-B419-8B9AFD1BCD77}.Debug|x64.Build.0 = Debug|Any CPU
		{F15C83AF-B577-4E6C-B419-8B9AFD1BCD77}.Debug|x86.ActiveCfg = Debug|Any CPU
		{F15C83AF-B577-4E6C-B419-8B9AFD1BCD77}.Debug|x86.Build.0 = Debug|Any CPU
		{F15C83AF-B577-4E6C-B419-8B9AFD1BCD77}.Release|Any CPU.ActiveCfg = Release|Any CPU
		{F15C83AF-B577-4E6C-B419-8B9AFD1BCD77}.Release|Any CPU.Build.0 = Release|Any CPU
		{F15C83AF-B577-4E6C-B419-8B9AFD1BCD77}.Release|x64.ActiveCfg = Release|Any CPU
		{F15C83AF-B577-4E6C-B419-8B9AFD1BCD77}.Release|x64.Build.0 = Release|Any CPU
		{F15C83AF-B577-4E6C-B419-8B9AFD1BCD77}.Release|x86.ActiveCfg = Release|Any CPU
		{F15C83AF-B577-4E6C-B419-8B9AFD1BCD77}.Release|x86.Build.0 = Release|Any CPU
		{D04DD89C-B1C6-4C69-B790-DD309969F067}.Debug|Any CPU.ActiveCfg = Debug|Any CPU
		{D04DD89C-B1C6-4C69-B790-DD309969F067}.Debug|Any CPU.Build.0 = Debug|Any CPU
		{D04DD89C-B1C6-4C69-B790-DD309969F067}.Debug|x64.ActiveCfg = Debug|Any CPU
		{D04DD89C-B1C6-4C69-B790-DD309969F067}.Debug|x64.Build.0 = Debug|Any CPU
		{D04DD89C-B1C6-4C69-B790-DD309969F067}.Debug|x86.ActiveCfg = Debug|Any CPU
		{D04DD89C-B1C6-4C69-B790-DD309969F067}.Debug|x86.Build.0 = Debug|Any CPU
		{D04DD89C-B1C6-4C69-B790-DD309969F067}.Release|Any CPU.ActiveCfg = Release|Any CPU
		{D04DD89C-B1C6-4C69-B790-DD309969F067}.Release|Any CPU.Build.0 = Release|Any CPU
		{D04DD89C-B1C6-4C69-B790-DD309969F067}.Release|x64.ActiveCfg = Release|Any CPU
		{D04DD89C-B1C6-4C69-B790-DD309969F067}.Release|x64.Build.0 = Release|Any CPU
		{D04DD89C-B1C6-4C69-B790-DD309969F067}.Release|x86.ActiveCfg = Release|Any CPU
		{D04DD89C-B1C6-4C69-B790-DD309969F067}.Release|x86.Build.0 = Release|Any CPU
		{86BE80F3-65DD-4C79-A37D-3FA5EC28B5EF}.Debug|Any CPU.ActiveCfg = Debug|Any CPU
		{86BE80F3-65DD-4C79-A37D-3FA5EC28B5EF}.Debug|Any CPU.Build.0 = Debug|Any CPU
		{86BE80F3-65DD-4C79-A37D-3FA5EC28B5EF}.Debug|x64.ActiveCfg = Debug|Any CPU
		{86BE80F3-65DD-4C79-A37D-3FA5EC28B5EF}.Debug|x64.Build.0 = Debug|Any CPU
		{86BE80F3-65DD-4C79-A37D-3FA5EC28B5EF}.Debug|x86.ActiveCfg = Debug|Any CPU
		{86BE80F3-65DD-4C79-A37D-3FA5EC28B5EF}.Debug|x86.Build.0 = Debug|Any CPU
		{86BE80F3-65DD-4C79-A37D-3FA5EC28B5EF}.Release|Any CPU.ActiveCfg = Release|Any CPU
		{86BE80F3-65DD-4C79-A37D-3FA5EC28B5EF}.Release|Any CPU.Build.0 = Release|Any CPU
		{86BE80F3-65DD-4C79-A37D-3FA5EC28B5EF}.Release|x64.ActiveCfg = Release|Any CPU
		{86BE80F3-65DD-4C79-A37D-3FA5EC28B5EF}.Release|x64.Build.0 = Release|Any CPU
		{86BE80F3-65DD-4C79-A37D-3FA5EC28B5EF}.Release|x86.ActiveCfg = Release|Any CPU
		{86BE80F3-65DD-4C79-A37D-3FA5EC28B5EF}.Release|x86.Build.0 = Release|Any CPU
		{C44B678B-5C81-47C6-A23C-CB14CCD39D2D}.Debug|Any CPU.ActiveCfg = Debug|Any CPU
		{C44B678B-5C81-47C6-A23C-CB14CCD39D2D}.Debug|Any CPU.Build.0 = Debug|Any CPU
		{C44B678B-5C81-47C6-A23C-CB14CCD39D2D}.Debug|x64.ActiveCfg = Debug|Any CPU
		{C44B678B-5C81-47C6-A23C-CB14CCD39D2D}.Debug|x64.Build.0 = Debug|Any CPU
		{C44B678B-5C81-47C6-A23C-CB14CCD39D2D}.Debug|x86.ActiveCfg = Debug|Any CPU
		{C44B678B-5C81-47C6-A23C-CB14CCD39D2D}.Debug|x86.Build.0 = Debug|Any CPU
		{C44B678B-5C81-47C6-A23C-CB14CCD39D2D}.Release|Any CPU.ActiveCfg = Release|Any CPU
		{C44B678B-5C81-47C6-A23C-CB14CCD39D2D}.Release|Any CPU.Build.0 = Release|Any CPU
		{C44B678B-5C81-47C6-A23C-CB14CCD39D2D}.Release|x64.ActiveCfg = Release|Any CPU
		{C44B678B-5C81-47C6-A23C-CB14CCD39D2D}.Release|x64.Build.0 = Release|Any CPU
		{C44B678B-5C81-47C6-A23C-CB14CCD39D2D}.Release|x86.ActiveCfg = Release|Any CPU
		{C44B678B-5C81-47C6-A23C-CB14CCD39D2D}.Release|x86.Build.0 = Release|Any CPU
		{7F7E891D-2081-44BC-A5EF-547A0BA4D085}.Debug|Any CPU.ActiveCfg = Debug|Any CPU
		{7F7E891D-2081-44BC-A5EF-547A0BA4D085}.Debug|Any CPU.Build.0 = Debug|Any CPU
		{7F7E891D-2081-44BC-A5EF-547A0BA4D085}.Debug|x64.ActiveCfg = Debug|Any CPU
		{7F7E891D-2081-44BC-A5EF-547A0BA4D085}.Debug|x64.Build.0 = Debug|Any CPU
		{7F7E891D-2081-44BC-A5EF-547A0BA4D085}.Debug|x86.ActiveCfg = Debug|Any CPU
		{7F7E891D-2081-44BC-A5EF-547A0BA4D085}.Debug|x86.Build.0 = Debug|Any CPU
		{7F7E891D-2081-44BC-A5EF-547A0BA4D085}.Release|Any CPU.ActiveCfg = Release|Any CPU
		{7F7E891D-2081-44BC-A5EF-547A0BA4D085}.Release|Any CPU.Build.0 = Release|Any CPU
		{7F7E891D-2081-44BC-A5EF-547A0BA4D085}.Release|x64.ActiveCfg = Release|Any CPU
		{7F7E891D-2081-44BC-A5EF-547A0BA4D085}.Release|x64.Build.0 = Release|Any CPU
		{7F7E891D-2081-44BC-A5EF-547A0BA4D085}.Release|x86.ActiveCfg = Release|Any CPU
		{7F7E891D-2081-44BC-A5EF-547A0BA4D085}.Release|x86.Build.0 = Release|Any CPU
		{6648E252-365E-4270-81ED-C8197CACC2D6}.Debug|Any CPU.ActiveCfg = Debug|Any CPU
		{6648E252-365E-4270-81ED-C8197CACC2D6}.Debug|Any CPU.Build.0 = Debug|Any CPU
		{6648E252-365E-4270-81ED-C8197CACC2D6}.Debug|x64.ActiveCfg = Debug|Any CPU
		{6648E252-365E-4270-81ED-C8197CACC2D6}.Debug|x64.Build.0 = Debug|Any CPU
		{6648E252-365E-4270-81ED-C8197CACC2D6}.Debug|x86.ActiveCfg = Debug|Any CPU
		{6648E252-365E-4270-81ED-C8197CACC2D6}.Debug|x86.Build.0 = Debug|Any CPU
		{6648E252-365E-4270-81ED-C8197CACC2D6}.Release|Any CPU.ActiveCfg = Release|Any CPU
		{6648E252-365E-4270-81ED-C8197CACC2D6}.Release|Any CPU.Build.0 = Release|Any CPU
		{6648E252-365E-4270-81ED-C8197CACC2D6}.Release|x64.ActiveCfg = Release|Any CPU
		{6648E252-365E-4270-81ED-C8197CACC2D6}.Release|x64.Build.0 = Release|Any CPU
		{6648E252-365E-4270-81ED-C8197CACC2D6}.Release|x86.ActiveCfg = Release|Any CPU
		{6648E252-365E-4270-81ED-C8197CACC2D6}.Release|x86.Build.0 = Release|Any CPU
		{1C1F4F68-D212-4383-8616-E2041A09EC3F}.Debug|Any CPU.ActiveCfg = Debug|Any CPU
		{1C1F4F68-D212-4383-8616-E2041A09EC3F}.Debug|Any CPU.Build.0 = Debug|Any CPU
		{1C1F4F68-D212-4383-8616-E2041A09EC3F}.Debug|x64.ActiveCfg = Debug|Any CPU
		{1C1F4F68-D212-4383-8616-E2041A09EC3F}.Debug|x64.Build.0 = Debug|Any CPU
		{1C1F4F68-D212-4383-8616-E2041A09EC3F}.Debug|x86.ActiveCfg = Debug|Any CPU
		{1C1F4F68-D212-4383-8616-E2041A09EC3F}.Debug|x86.Build.0 = Debug|Any CPU
		{1C1F4F68-D212-4383-8616-E2041A09EC3F}.Release|Any CPU.ActiveCfg = Release|Any CPU
		{1C1F4F68-D212-4383-8616-E2041A09EC3F}.Release|Any CPU.Build.0 = Release|Any CPU
		{1C1F4F68-D212-4383-8616-E2041A09EC3F}.Release|x64.ActiveCfg = Release|Any CPU
		{1C1F4F68-D212-4383-8616-E2041A09EC3F}.Release|x64.Build.0 = Release|Any CPU
		{1C1F4F68-D212-4383-8616-E2041A09EC3F}.Release|x86.ActiveCfg = Release|Any CPU
		{1C1F4F68-D212-4383-8616-E2041A09EC3F}.Release|x86.Build.0 = Release|Any CPU
	EndGlobalSection
	GlobalSection(NestedProjects) = preSolution
		{1C1F4F68-D212-4383-8616-E2041A09EC3F} = {FC738E99-22FD-427B-877D-8E88937B9D80}
	EndGlobalSection
EndGlobal
