
Microsoft Visual Studio Solution File, Format Version 12.00
# Visual Studio Version 16
VisualStudioVersion = 16.6.30114.105
MinimumVisualStudioVersion = 10.0.40219.1
Project("{9A19103F-16F7-4668-BE54-9A1E7A4F7556}") = "R5T.T0039.Construction", "R5T.T0039.Construction\R5T.T0039.Construction.csproj", "{4A63FA5D-061C-43C2-82AB-740751D36EEF}"
EndProject
Project("{9A19103F-16F7-4668-BE54-9A1E7A4F7556}") = "R5T.T0039", "R5T.T0039\R5T.T0039.csproj", "{3FECC42E-7AAD-41C6-827C-E4FB34462AE3}"
EndProject
Project("{9A19103F-16F7-4668-BE54-9A1E7A4F7556}") = "R5T.T0039.T002", "R5T.T0039.T002\R5T.T0039.T002.csproj", "{175D9AE7-D829-4E07-BD84-628C92D4D580}"
EndProject
Project("{9A19103F-16F7-4668-BE54-9A1E7A4F7556}") = "R5T.T0039.D002.Base", "R5T.T0039.D002.Base\R5T.T0039.D002.Base.csproj", "{3E3B7E4E-DAAF-420C-8A9F-DCA734B6FAC5}"
EndProject
Project("{9A19103F-16F7-4668-BE54-9A1E7A4F7556}") = "R5T.T0039.D002.I002", "R5T.T0039.D002.I002\R5T.T0039.D002.I002.csproj", "{299A6B88-8F78-4560-ADA7-04B85FA2A67C}"
EndProject
Project("{2150E333-8FDC-42A3-9474-1A3956D46DE8}") = "_Dependencies", "_Dependencies", "{5F54B262-C824-4753-A5EB-6E918A051CDA}"
EndProject
Project("{9A19103F-16F7-4668-BE54-9A1E7A4F7556}") = "R5T.Dacia.T002", "..\..\R5T.Dacia\source\R5T.Dacia.T002\R5T.Dacia.T002.csproj", "{496A9A00-6311-46EC-B0D3-2562603800E3}"
EndProject
Project("{9A19103F-16F7-4668-BE54-9A1E7A4F7556}") = "R5T.Dacia.Extensions", "..\..\R5T.Dacia.Extensions\source\R5T.Dacia.Extensions\R5T.Dacia.Extensions.csproj", "{C17FBACD-25AA-4D88-847A-6B958057AC01}"
EndProject
Project("{9A19103F-16F7-4668-BE54-9A1E7A4F7556}") = "R5T.T0039.T003", "R5T.T0039.T003\R5T.T0039.T003.csproj", "{7D71AF40-B761-4C17-A2B0-567A4F0E78C8}"
EndProject
Project("{9A19103F-16F7-4668-BE54-9A1E7A4F7556}") = "R5T.T0039.T003.X002", "R5T.T0039.T003.X002\R5T.T0039.T003.X002.csproj", "{38ED4992-FC93-42B6-AB29-2FA02D9B5A89}"
EndProject
Project("{9A19103F-16F7-4668-BE54-9A1E7A4F7556}") = "R5T.T0037.X001", "..\..\R5T.T0037\source\R5T.T0037.X001\R5T.T0037.X001.csproj", "{CA6BE3CC-283C-4D90-8A5E-AE8F758F184D}"
EndProject
Project("{9A19103F-16F7-4668-BE54-9A1E7A4F7556}") = "R5T.T0037.X002", "..\..\R5T.T0037\source\R5T.T0037.X002\R5T.T0037.X002.csproj", "{4431F181-772E-44DD-89CA-BC8BAEC304D7}"
EndProject
Project("{9A19103F-16F7-4668-BE54-9A1E7A4F7556}") = "R5T.T0040.X002", "..\..\R5T.T0040\source\R5T.T0040.X002\R5T.T0040.X002.csproj", "{7E2E0B2A-3CD1-4227-B10D-C48D5F03A86E}"
EndProject
Project("{9A19103F-16F7-4668-BE54-9A1E7A4F7556}") = "R5T.T0041.X002", "..\..\R5T.T0041\source\R5T.T0041.X002\R5T.T0041.X002.csproj", "{208029EF-5B54-495C-86E2-2CC080368D52}"
EndProject
Project("{FAE04EC0-301F-11D3-BF4B-00C04F79EFBC}") = "R5T.T0039.X000", "R5T.T0039.X000\R5T.T0039.X000.csproj", "{2FA254A6-0942-473B-A426-09DA962F3FC0}"
EndProject
Project("{FAE04EC0-301F-11D3-BF4B-00C04F79EFBC}") = "R5T.T0034.X004", "..\..\R5T.T0034\source\R5T.T0034.X004\R5T.T0034.X004.csproj", "{B8877348-043A-4D99-91AE-9D0E3FBAFBBF}"
EndProject
Project("{FAE04EC0-301F-11D3-BF4B-00C04F79EFBC}") = "R5T.Magyar.T002", "..\..\R5T.Magyar\source\R5T.Magyar.T002\R5T.Magyar.T002.csproj", "{1DAAB466-0179-40D1-AEBF-BEA3A2B5920D}"
EndProject
Project("{FAE04EC0-301F-11D3-BF4B-00C04F79EFBC}") = "R5T.Magyar", "..\..\R5T.Magyar\source\R5T.Magyar\R5T.Magyar.csproj", "{99A0756E-CCD0-4301-BA75-31788884EB97}"
EndProject
Project("{FAE04EC0-301F-11D3-BF4B-00C04F79EFBC}") = "R5T.T0034.T001.X001", "..\..\R5T.T0034\source\R5T.T0034.T001.X001\R5T.T0034.T001.X001.csproj", "{CF3FCF43-D750-471B-80F5-008F71D9A842}"
EndProject
Project("{FAE04EC0-301F-11D3-BF4B-00C04F79EFBC}") = "R5T.T0034.T001.X002", "..\..\R5T.T0034\source\R5T.T0034.T001.X002\R5T.T0034.T001.X002.csproj", "{B6102340-35CA-4D4D-A283-918E3E52A6E2}"
EndProject
Project("{FAE04EC0-301F-11D3-BF4B-00C04F79EFBC}") = "R5T.T0034.T001", "..\..\R5T.T0034\source\R5T.T0034.T001\R5T.T0034.T001.csproj", "{036A2172-17FD-4B6F-808D-70937B8D4B98}"
EndProject
Project("{FAE04EC0-301F-11D3-BF4B-00C04F79EFBC}") = "R5T.T0034.X001", "..\..\R5T.T0034\source\R5T.T0034.X001\R5T.T0034.X001.csproj", "{2333D0EA-7AF3-4FB4-9DEA-B3A80EDB62FC}"
EndProject
Project("{FAE04EC0-301F-11D3-BF4B-00C04F79EFBC}") = "R5T.T0034", "..\..\R5T.T0034\source\R5T.T0034\R5T.T0034.csproj", "{6DD83025-0043-4C79-92A0-E9841B76FB86}"
EndProject
Global
	GlobalSection(SolutionConfigurationPlatforms) = preSolution
		Debug|Any CPU = Debug|Any CPU
		Debug|x64 = Debug|x64
		Debug|x86 = Debug|x86
		Release|Any CPU = Release|Any CPU
		Release|x64 = Release|x64
		Release|x86 = Release|x86
	EndGlobalSection
	GlobalSection(ProjectConfigurationPlatforms) = postSolution
		{4A63FA5D-061C-43C2-82AB-740751D36EEF}.Debug|Any CPU.ActiveCfg = Debug|Any CPU
		{4A63FA5D-061C-43C2-82AB-740751D36EEF}.Debug|Any CPU.Build.0 = Debug|Any CPU
		{4A63FA5D-061C-43C2-82AB-740751D36EEF}.Debug|x64.ActiveCfg = Debug|Any CPU
		{4A63FA5D-061C-43C2-82AB-740751D36EEF}.Debug|x64.Build.0 = Debug|Any CPU
		{4A63FA5D-061C-43C2-82AB-740751D36EEF}.Debug|x86.ActiveCfg = Debug|Any CPU
		{4A63FA5D-061C-43C2-82AB-740751D36EEF}.Debug|x86.Build.0 = Debug|Any CPU
		{4A63FA5D-061C-43C2-82AB-740751D36EEF}.Release|Any CPU.ActiveCfg = Release|Any CPU
		{4A63FA5D-061C-43C2-82AB-740751D36EEF}.Release|Any CPU.Build.0 = Release|Any CPU
		{4A63FA5D-061C-43C2-82AB-740751D36EEF}.Release|x64.ActiveCfg = Release|Any CPU
		{4A63FA5D-061C-43C2-82AB-740751D36EEF}.Release|x64.Build.0 = Release|Any CPU
		{4A63FA5D-061C-43C2-82AB-740751D36EEF}.Release|x86.ActiveCfg = Release|Any CPU
		{4A63FA5D-061C-43C2-82AB-740751D36EEF}.Release|x86.Build.0 = Release|Any CPU
		{3FECC42E-7AAD-41C6-827C-E4FB34462AE3}.Debug|Any CPU.ActiveCfg = Debug|Any CPU
		{3FECC42E-7AAD-41C6-827C-E4FB34462AE3}.Debug|Any CPU.Build.0 = Debug|Any CPU
		{3FECC42E-7AAD-41C6-827C-E4FB34462AE3}.Debug|x64.ActiveCfg = Debug|Any CPU
		{3FECC42E-7AAD-41C6-827C-E4FB34462AE3}.Debug|x64.Build.0 = Debug|Any CPU
		{3FECC42E-7AAD-41C6-827C-E4FB34462AE3}.Debug|x86.ActiveCfg = Debug|Any CPU
		{3FECC42E-7AAD-41C6-827C-E4FB34462AE3}.Debug|x86.Build.0 = Debug|Any CPU
		{3FECC42E-7AAD-41C6-827C-E4FB34462AE3}.Release|Any CPU.ActiveCfg = Release|Any CPU
		{3FECC42E-7AAD-41C6-827C-E4FB34462AE3}.Release|Any CPU.Build.0 = Release|Any CPU
		{3FECC42E-7AAD-41C6-827C-E4FB34462AE3}.Release|x64.ActiveCfg = Release|Any CPU
		{3FECC42E-7AAD-41C6-827C-E4FB34462AE3}.Release|x64.Build.0 = Release|Any CPU
		{3FECC42E-7AAD-41C6-827C-E4FB34462AE3}.Release|x86.ActiveCfg = Release|Any CPU
		{3FECC42E-7AAD-41C6-827C-E4FB34462AE3}.Release|x86.Build.0 = Release|Any CPU
		{175D9AE7-D829-4E07-BD84-628C92D4D580}.Debug|Any CPU.ActiveCfg = Debug|Any CPU
		{175D9AE7-D829-4E07-BD84-628C92D4D580}.Debug|Any CPU.Build.0 = Debug|Any CPU
		{175D9AE7-D829-4E07-BD84-628C92D4D580}.Debug|x64.ActiveCfg = Debug|Any CPU
		{175D9AE7-D829-4E07-BD84-628C92D4D580}.Debug|x64.Build.0 = Debug|Any CPU
		{175D9AE7-D829-4E07-BD84-628C92D4D580}.Debug|x86.ActiveCfg = Debug|Any CPU
		{175D9AE7-D829-4E07-BD84-628C92D4D580}.Debug|x86.Build.0 = Debug|Any CPU
		{175D9AE7-D829-4E07-BD84-628C92D4D580}.Release|Any CPU.ActiveCfg = Release|Any CPU
		{175D9AE7-D829-4E07-BD84-628C92D4D580}.Release|Any CPU.Build.0 = Release|Any CPU
		{175D9AE7-D829-4E07-BD84-628C92D4D580}.Release|x64.ActiveCfg = Release|Any CPU
		{175D9AE7-D829-4E07-BD84-628C92D4D580}.Release|x64.Build.0 = Release|Any CPU
		{175D9AE7-D829-4E07-BD84-628C92D4D580}.Release|x86.ActiveCfg = Release|Any CPU
		{175D9AE7-D829-4E07-BD84-628C92D4D580}.Release|x86.Build.0 = Release|Any CPU
		{3E3B7E4E-DAAF-420C-8A9F-DCA734B6FAC5}.Debug|Any CPU.ActiveCfg = Debug|Any CPU
		{3E3B7E4E-DAAF-420C-8A9F-DCA734B6FAC5}.Debug|Any CPU.Build.0 = Debug|Any CPU
		{3E3B7E4E-DAAF-420C-8A9F-DCA734B6FAC5}.Debug|x64.ActiveCfg = Debug|Any CPU
		{3E3B7E4E-DAAF-420C-8A9F-DCA734B6FAC5}.Debug|x64.Build.0 = Debug|Any CPU
		{3E3B7E4E-DAAF-420C-8A9F-DCA734B6FAC5}.Debug|x86.ActiveCfg = Debug|Any CPU
		{3E3B7E4E-DAAF-420C-8A9F-DCA734B6FAC5}.Debug|x86.Build.0 = Debug|Any CPU
		{3E3B7E4E-DAAF-420C-8A9F-DCA734B6FAC5}.Release|Any CPU.ActiveCfg = Release|Any CPU
		{3E3B7E4E-DAAF-420C-8A9F-DCA734B6FAC5}.Release|Any CPU.Build.0 = Release|Any CPU
		{3E3B7E4E-DAAF-420C-8A9F-DCA734B6FAC5}.Release|x64.ActiveCfg = Release|Any CPU
		{3E3B7E4E-DAAF-420C-8A9F-DCA734B6FAC5}.Release|x64.Build.0 = Release|Any CPU
		{3E3B7E4E-DAAF-420C-8A9F-DCA734B6FAC5}.Release|x86.ActiveCfg = Release|Any CPU
		{3E3B7E4E-DAAF-420C-8A9F-DCA734B6FAC5}.Release|x86.Build.0 = Release|Any CPU
		{299A6B88-8F78-4560-ADA7-04B85FA2A67C}.Debug|Any CPU.ActiveCfg = Debug|Any CPU
		{299A6B88-8F78-4560-ADA7-04B85FA2A67C}.Debug|Any CPU.Build.0 = Debug|Any CPU
		{299A6B88-8F78-4560-ADA7-04B85FA2A67C}.Debug|x64.ActiveCfg = Debug|Any CPU
		{299A6B88-8F78-4560-ADA7-04B85FA2A67C}.Debug|x64.Build.0 = Debug|Any CPU
		{299A6B88-8F78-4560-ADA7-04B85FA2A67C}.Debug|x86.ActiveCfg = Debug|Any CPU
		{299A6B88-8F78-4560-ADA7-04B85FA2A67C}.Debug|x86.Build.0 = Debug|Any CPU
		{299A6B88-8F78-4560-ADA7-04B85FA2A67C}.Release|Any CPU.ActiveCfg = Release|Any CPU
		{299A6B88-8F78-4560-ADA7-04B85FA2A67C}.Release|Any CPU.Build.0 = Release|Any CPU
		{299A6B88-8F78-4560-ADA7-04B85FA2A67C}.Release|x64.ActiveCfg = Release|Any CPU
		{299A6B88-8F78-4560-ADA7-04B85FA2A67C}.Release|x64.Build.0 = Release|Any CPU
		{299A6B88-8F78-4560-ADA7-04B85FA2A67C}.Release|x86.ActiveCfg = Release|Any CPU
		{299A6B88-8F78-4560-ADA7-04B85FA2A67C}.Release|x86.Build.0 = Release|Any CPU
		{496A9A00-6311-46EC-B0D3-2562603800E3}.Debug|Any CPU.ActiveCfg = Debug|Any CPU
		{496A9A00-6311-46EC-B0D3-2562603800E3}.Debug|Any CPU.Build.0 = Debug|Any CPU
		{496A9A00-6311-46EC-B0D3-2562603800E3}.Debug|x64.ActiveCfg = Debug|Any CPU
		{496A9A00-6311-46EC-B0D3-2562603800E3}.Debug|x64.Build.0 = Debug|Any CPU
		{496A9A00-6311-46EC-B0D3-2562603800E3}.Debug|x86.ActiveCfg = Debug|Any CPU
		{496A9A00-6311-46EC-B0D3-2562603800E3}.Debug|x86.Build.0 = Debug|Any CPU
		{496A9A00-6311-46EC-B0D3-2562603800E3}.Release|Any CPU.ActiveCfg = Release|Any CPU
		{496A9A00-6311-46EC-B0D3-2562603800E3}.Release|Any CPU.Build.0 = Release|Any CPU
		{496A9A00-6311-46EC-B0D3-2562603800E3}.Release|x64.ActiveCfg = Release|Any CPU
		{496A9A00-6311-46EC-B0D3-2562603800E3}.Release|x64.Build.0 = Release|Any CPU
		{496A9A00-6311-46EC-B0D3-2562603800E3}.Release|x86.ActiveCfg = Release|Any CPU
		{496A9A00-6311-46EC-B0D3-2562603800E3}.Release|x86.Build.0 = Release|Any CPU
		{C17FBACD-25AA-4D88-847A-6B958057AC01}.Debug|Any CPU.ActiveCfg = Debug|Any CPU
		{C17FBACD-25AA-4D88-847A-6B958057AC01}.Debug|Any CPU.Build.0 = Debug|Any CPU
		{C17FBACD-25AA-4D88-847A-6B958057AC01}.Debug|x64.ActiveCfg = Debug|Any CPU
		{C17FBACD-25AA-4D88-847A-6B958057AC01}.Debug|x64.Build.0 = Debug|Any CPU
		{C17FBACD-25AA-4D88-847A-6B958057AC01}.Debug|x86.ActiveCfg = Debug|Any CPU
		{C17FBACD-25AA-4D88-847A-6B958057AC01}.Debug|x86.Build.0 = Debug|Any CPU
		{C17FBACD-25AA-4D88-847A-6B958057AC01}.Release|Any CPU.ActiveCfg = Release|Any CPU
		{C17FBACD-25AA-4D88-847A-6B958057AC01}.Release|Any CPU.Build.0 = Release|Any CPU
		{C17FBACD-25AA-4D88-847A-6B958057AC01}.Release|x64.ActiveCfg = Release|Any CPU
		{C17FBACD-25AA-4D88-847A-6B958057AC01}.Release|x64.Build.0 = Release|Any CPU
		{C17FBACD-25AA-4D88-847A-6B958057AC01}.Release|x86.ActiveCfg = Release|Any CPU
		{C17FBACD-25AA-4D88-847A-6B958057AC01}.Release|x86.Build.0 = Release|Any CPU
		{7D71AF40-B761-4C17-A2B0-567A4F0E78C8}.Debug|Any CPU.ActiveCfg = Debug|Any CPU
		{7D71AF40-B761-4C17-A2B0-567A4F0E78C8}.Debug|Any CPU.Build.0 = Debug|Any CPU
		{7D71AF40-B761-4C17-A2B0-567A4F0E78C8}.Debug|x64.ActiveCfg = Debug|Any CPU
		{7D71AF40-B761-4C17-A2B0-567A4F0E78C8}.Debug|x64.Build.0 = Debug|Any CPU
		{7D71AF40-B761-4C17-A2B0-567A4F0E78C8}.Debug|x86.ActiveCfg = Debug|Any CPU
		{7D71AF40-B761-4C17-A2B0-567A4F0E78C8}.Debug|x86.Build.0 = Debug|Any CPU
		{7D71AF40-B761-4C17-A2B0-567A4F0E78C8}.Release|Any CPU.ActiveCfg = Release|Any CPU
		{7D71AF40-B761-4C17-A2B0-567A4F0E78C8}.Release|Any CPU.Build.0 = Release|Any CPU
		{7D71AF40-B761-4C17-A2B0-567A4F0E78C8}.Release|x64.ActiveCfg = Release|Any CPU
		{7D71AF40-B761-4C17-A2B0-567A4F0E78C8}.Release|x64.Build.0 = Release|Any CPU
		{7D71AF40-B761-4C17-A2B0-567A4F0E78C8}.Release|x86.ActiveCfg = Release|Any CPU
		{7D71AF40-B761-4C17-A2B0-567A4F0E78C8}.Release|x86.Build.0 = Release|Any CPU
		{38ED4992-FC93-42B6-AB29-2FA02D9B5A89}.Debug|Any CPU.ActiveCfg = Debug|Any CPU
		{38ED4992-FC93-42B6-AB29-2FA02D9B5A89}.Debug|Any CPU.Build.0 = Debug|Any CPU
		{38ED4992-FC93-42B6-AB29-2FA02D9B5A89}.Debug|x64.ActiveCfg = Debug|Any CPU
		{38ED4992-FC93-42B6-AB29-2FA02D9B5A89}.Debug|x64.Build.0 = Debug|Any CPU
		{38ED4992-FC93-42B6-AB29-2FA02D9B5A89}.Debug|x86.ActiveCfg = Debug|Any CPU
		{38ED4992-FC93-42B6-AB29-2FA02D9B5A89}.Debug|x86.Build.0 = Debug|Any CPU
		{38ED4992-FC93-42B6-AB29-2FA02D9B5A89}.Release|Any CPU.ActiveCfg = Release|Any CPU
		{38ED4992-FC93-42B6-AB29-2FA02D9B5A89}.Release|Any CPU.Build.0 = Release|Any CPU
		{38ED4992-FC93-42B6-AB29-2FA02D9B5A89}.Release|x64.ActiveCfg = Release|Any CPU
		{38ED4992-FC93-42B6-AB29-2FA02D9B5A89}.Release|x64.Build.0 = Release|Any CPU
		{38ED4992-FC93-42B6-AB29-2FA02D9B5A89}.Release|x86.ActiveCfg = Release|Any CPU
		{38ED4992-FC93-42B6-AB29-2FA02D9B5A89}.Release|x86.Build.0 = Release|Any CPU
		{CA6BE3CC-283C-4D90-8A5E-AE8F758F184D}.Debug|Any CPU.ActiveCfg = Debug|Any CPU
		{CA6BE3CC-283C-4D90-8A5E-AE8F758F184D}.Debug|Any CPU.Build.0 = Debug|Any CPU
		{CA6BE3CC-283C-4D90-8A5E-AE8F758F184D}.Debug|x64.ActiveCfg = Debug|Any CPU
		{CA6BE3CC-283C-4D90-8A5E-AE8F758F184D}.Debug|x64.Build.0 = Debug|Any CPU
		{CA6BE3CC-283C-4D90-8A5E-AE8F758F184D}.Debug|x86.ActiveCfg = Debug|Any CPU
		{CA6BE3CC-283C-4D90-8A5E-AE8F758F184D}.Debug|x86.Build.0 = Debug|Any CPU
		{CA6BE3CC-283C-4D90-8A5E-AE8F758F184D}.Release|Any CPU.ActiveCfg = Release|Any CPU
		{CA6BE3CC-283C-4D90-8A5E-AE8F758F184D}.Release|Any CPU.Build.0 = Release|Any CPU
		{CA6BE3CC-283C-4D90-8A5E-AE8F758F184D}.Release|x64.ActiveCfg = Release|Any CPU
		{CA6BE3CC-283C-4D90-8A5E-AE8F758F184D}.Release|x64.Build.0 = Release|Any CPU
		{CA6BE3CC-283C-4D90-8A5E-AE8F758F184D}.Release|x86.ActiveCfg = Release|Any CPU
		{CA6BE3CC-283C-4D90-8A5E-AE8F758F184D}.Release|x86.Build.0 = Release|Any CPU
		{4431F181-772E-44DD-89CA-BC8BAEC304D7}.Debug|Any CPU.ActiveCfg = Debug|Any CPU
		{4431F181-772E-44DD-89CA-BC8BAEC304D7}.Debug|Any CPU.Build.0 = Debug|Any CPU
		{4431F181-772E-44DD-89CA-BC8BAEC304D7}.Debug|x64.ActiveCfg = Debug|Any CPU
		{4431F181-772E-44DD-89CA-BC8BAEC304D7}.Debug|x64.Build.0 = Debug|Any CPU
		{4431F181-772E-44DD-89CA-BC8BAEC304D7}.Debug|x86.ActiveCfg = Debug|Any CPU
		{4431F181-772E-44DD-89CA-BC8BAEC304D7}.Debug|x86.Build.0 = Debug|Any CPU
		{4431F181-772E-44DD-89CA-BC8BAEC304D7}.Release|Any CPU.ActiveCfg = Release|Any CPU
		{4431F181-772E-44DD-89CA-BC8BAEC304D7}.Release|Any CPU.Build.0 = Release|Any CPU
		{4431F181-772E-44DD-89CA-BC8BAEC304D7}.Release|x64.ActiveCfg = Release|Any CPU
		{4431F181-772E-44DD-89CA-BC8BAEC304D7}.Release|x64.Build.0 = Release|Any CPU
		{4431F181-772E-44DD-89CA-BC8BAEC304D7}.Release|x86.ActiveCfg = Release|Any CPU
		{4431F181-772E-44DD-89CA-BC8BAEC304D7}.Release|x86.Build.0 = Release|Any CPU
		{7E2E0B2A-3CD1-4227-B10D-C48D5F03A86E}.Debug|Any CPU.ActiveCfg = Debug|Any CPU
		{7E2E0B2A-3CD1-4227-B10D-C48D5F03A86E}.Debug|Any CPU.Build.0 = Debug|Any CPU
		{7E2E0B2A-3CD1-4227-B10D-C48D5F03A86E}.Debug|x64.ActiveCfg = Debug|Any CPU
		{7E2E0B2A-3CD1-4227-B10D-C48D5F03A86E}.Debug|x64.Build.0 = Debug|Any CPU
		{7E2E0B2A-3CD1-4227-B10D-C48D5F03A86E}.Debug|x86.ActiveCfg = Debug|Any CPU
		{7E2E0B2A-3CD1-4227-B10D-C48D5F03A86E}.Debug|x86.Build.0 = Debug|Any CPU
		{7E2E0B2A-3CD1-4227-B10D-C48D5F03A86E}.Release|Any CPU.ActiveCfg = Release|Any CPU
		{7E2E0B2A-3CD1-4227-B10D-C48D5F03A86E}.Release|Any CPU.Build.0 = Release|Any CPU
		{7E2E0B2A-3CD1-4227-B10D-C48D5F03A86E}.Release|x64.ActiveCfg = Release|Any CPU
		{7E2E0B2A-3CD1-4227-B10D-C48D5F03A86E}.Release|x64.Build.0 = Release|Any CPU
		{7E2E0B2A-3CD1-4227-B10D-C48D5F03A86E}.Release|x86.ActiveCfg = Release|Any CPU
		{7E2E0B2A-3CD1-4227-B10D-C48D5F03A86E}.Release|x86.Build.0 = Release|Any CPU
		{208029EF-5B54-495C-86E2-2CC080368D52}.Debug|Any CPU.ActiveCfg = Debug|Any CPU
		{208029EF-5B54-495C-86E2-2CC080368D52}.Debug|Any CPU.Build.0 = Debug|Any CPU
		{208029EF-5B54-495C-86E2-2CC080368D52}.Debug|x64.ActiveCfg = Debug|Any CPU
		{208029EF-5B54-495C-86E2-2CC080368D52}.Debug|x64.Build.0 = Debug|Any CPU
		{208029EF-5B54-495C-86E2-2CC080368D52}.Debug|x86.ActiveCfg = Debug|Any CPU
		{208029EF-5B54-495C-86E2-2CC080368D52}.Debug|x86.Build.0 = Debug|Any CPU
		{208029EF-5B54-495C-86E2-2CC080368D52}.Release|Any CPU.ActiveCfg = Release|Any CPU
		{208029EF-5B54-495C-86E2-2CC080368D52}.Release|Any CPU.Build.0 = Release|Any CPU
		{208029EF-5B54-495C-86E2-2CC080368D52}.Release|x64.ActiveCfg = Release|Any CPU
		{208029EF-5B54-495C-86E2-2CC080368D52}.Release|x64.Build.0 = Release|Any CPU
		{208029EF-5B54-495C-86E2-2CC080368D52}.Release|x86.ActiveCfg = Release|Any CPU
		{208029EF-5B54-495C-86E2-2CC080368D52}.Release|x86.Build.0 = Release|Any CPU
		{2FA254A6-0942-473B-A426-09DA962F3FC0}.Debug|Any CPU.ActiveCfg = Debug|Any CPU
		{2FA254A6-0942-473B-A426-09DA962F3FC0}.Debug|Any CPU.Build.0 = Debug|Any CPU
		{2FA254A6-0942-473B-A426-09DA962F3FC0}.Debug|x64.ActiveCfg = Debug|Any CPU
		{2FA254A6-0942-473B-A426-09DA962F3FC0}.Debug|x64.Build.0 = Debug|Any CPU
		{2FA254A6-0942-473B-A426-09DA962F3FC0}.Debug|x86.ActiveCfg = Debug|Any CPU
		{2FA254A6-0942-473B-A426-09DA962F3FC0}.Debug|x86.Build.0 = Debug|Any CPU
		{2FA254A6-0942-473B-A426-09DA962F3FC0}.Release|Any CPU.ActiveCfg = Release|Any CPU
		{2FA254A6-0942-473B-A426-09DA962F3FC0}.Release|Any CPU.Build.0 = Release|Any CPU
		{2FA254A6-0942-473B-A426-09DA962F3FC0}.Release|x64.ActiveCfg = Release|Any CPU
		{2FA254A6-0942-473B-A426-09DA962F3FC0}.Release|x64.Build.0 = Release|Any CPU
		{2FA254A6-0942-473B-A426-09DA962F3FC0}.Release|x86.ActiveCfg = Release|Any CPU
		{2FA254A6-0942-473B-A426-09DA962F3FC0}.Release|x86.Build.0 = Release|Any CPU
		{B8877348-043A-4D99-91AE-9D0E3FBAFBBF}.Debug|Any CPU.ActiveCfg = Debug|Any CPU
		{B8877348-043A-4D99-91AE-9D0E3FBAFBBF}.Debug|Any CPU.Build.0 = Debug|Any CPU
		{B8877348-043A-4D99-91AE-9D0E3FBAFBBF}.Debug|x64.ActiveCfg = Debug|Any CPU
		{B8877348-043A-4D99-91AE-9D0E3FBAFBBF}.Debug|x64.Build.0 = Debug|Any CPU
		{B8877348-043A-4D99-91AE-9D0E3FBAFBBF}.Debug|x86.ActiveCfg = Debug|Any CPU
		{B8877348-043A-4D99-91AE-9D0E3FBAFBBF}.Debug|x86.Build.0 = Debug|Any CPU
		{B8877348-043A-4D99-91AE-9D0E3FBAFBBF}.Release|Any CPU.ActiveCfg = Release|Any CPU
		{B8877348-043A-4D99-91AE-9D0E3FBAFBBF}.Release|Any CPU.Build.0 = Release|Any CPU
		{B8877348-043A-4D99-91AE-9D0E3FBAFBBF}.Release|x64.ActiveCfg = Release|Any CPU
		{B8877348-043A-4D99-91AE-9D0E3FBAFBBF}.Release|x64.Build.0 = Release|Any CPU
		{B8877348-043A-4D99-91AE-9D0E3FBAFBBF}.Release|x86.ActiveCfg = Release|Any CPU
		{B8877348-043A-4D99-91AE-9D0E3FBAFBBF}.Release|x86.Build.0 = Release|Any CPU
		{1DAAB466-0179-40D1-AEBF-BEA3A2B5920D}.Debug|Any CPU.ActiveCfg = Debug|Any CPU
		{1DAAB466-0179-40D1-AEBF-BEA3A2B5920D}.Debug|Any CPU.Build.0 = Debug|Any CPU
		{1DAAB466-0179-40D1-AEBF-BEA3A2B5920D}.Debug|x64.ActiveCfg = Debug|Any CPU
		{1DAAB466-0179-40D1-AEBF-BEA3A2B5920D}.Debug|x64.Build.0 = Debug|Any CPU
		{1DAAB466-0179-40D1-AEBF-BEA3A2B5920D}.Debug|x86.ActiveCfg = Debug|Any CPU
		{1DAAB466-0179-40D1-AEBF-BEA3A2B5920D}.Debug|x86.Build.0 = Debug|Any CPU
		{1DAAB466-0179-40D1-AEBF-BEA3A2B5920D}.Release|Any CPU.ActiveCfg = Release|Any CPU
		{1DAAB466-0179-40D1-AEBF-BEA3A2B5920D}.Release|Any CPU.Build.0 = Release|Any CPU
		{1DAAB466-0179-40D1-AEBF-BEA3A2B5920D}.Release|x64.ActiveCfg = Release|Any CPU
		{1DAAB466-0179-40D1-AEBF-BEA3A2B5920D}.Release|x64.Build.0 = Release|Any CPU
		{1DAAB466-0179-40D1-AEBF-BEA3A2B5920D}.Release|x86.ActiveCfg = Release|Any CPU
		{1DAAB466-0179-40D1-AEBF-BEA3A2B5920D}.Release|x86.Build.0 = Release|Any CPU
		{99A0756E-CCD0-4301-BA75-31788884EB97}.Debug|Any CPU.ActiveCfg = Debug|Any CPU
		{99A0756E-CCD0-4301-BA75-31788884EB97}.Debug|Any CPU.Build.0 = Debug|Any CPU
		{99A0756E-CCD0-4301-BA75-31788884EB97}.Debug|x64.ActiveCfg = Debug|Any CPU
		{99A0756E-CCD0-4301-BA75-31788884EB97}.Debug|x64.Build.0 = Debug|Any CPU
		{99A0756E-CCD0-4301-BA75-31788884EB97}.Debug|x86.ActiveCfg = Debug|Any CPU
		{99A0756E-CCD0-4301-BA75-31788884EB97}.Debug|x86.Build.0 = Debug|Any CPU
		{99A0756E-CCD0-4301-BA75-31788884EB97}.Release|Any CPU.ActiveCfg = Release|Any CPU
		{99A0756E-CCD0-4301-BA75-31788884EB97}.Release|Any CPU.Build.0 = Release|Any CPU
		{99A0756E-CCD0-4301-BA75-31788884EB97}.Release|x64.ActiveCfg = Release|Any CPU
		{99A0756E-CCD0-4301-BA75-31788884EB97}.Release|x64.Build.0 = Release|Any CPU
		{99A0756E-CCD0-4301-BA75-31788884EB97}.Release|x86.ActiveCfg = Release|Any CPU
		{99A0756E-CCD0-4301-BA75-31788884EB97}.Release|x86.Build.0 = Release|Any CPU
		{CF3FCF43-D750-471B-80F5-008F71D9A842}.Debug|Any CPU.ActiveCfg = Debug|Any CPU
		{CF3FCF43-D750-471B-80F5-008F71D9A842}.Debug|Any CPU.Build.0 = Debug|Any CPU
		{CF3FCF43-D750-471B-80F5-008F71D9A842}.Debug|x64.ActiveCfg = Debug|Any CPU
		{CF3FCF43-D750-471B-80F5-008F71D9A842}.Debug|x64.Build.0 = Debug|Any CPU
		{CF3FCF43-D750-471B-80F5-008F71D9A842}.Debug|x86.ActiveCfg = Debug|Any CPU
		{CF3FCF43-D750-471B-80F5-008F71D9A842}.Debug|x86.Build.0 = Debug|Any CPU
		{CF3FCF43-D750-471B-80F5-008F71D9A842}.Release|Any CPU.ActiveCfg = Release|Any CPU
		{CF3FCF43-D750-471B-80F5-008F71D9A842}.Release|Any CPU.Build.0 = Release|Any CPU
		{CF3FCF43-D750-471B-80F5-008F71D9A842}.Release|x64.ActiveCfg = Release|Any CPU
		{CF3FCF43-D750-471B-80F5-008F71D9A842}.Release|x64.Build.0 = Release|Any CPU
		{CF3FCF43-D750-471B-80F5-008F71D9A842}.Release|x86.ActiveCfg = Release|Any CPU
		{CF3FCF43-D750-471B-80F5-008F71D9A842}.Release|x86.Build.0 = Release|Any CPU
		{B6102340-35CA-4D4D-A283-918E3E52A6E2}.Debug|Any CPU.ActiveCfg = Debug|Any CPU
		{B6102340-35CA-4D4D-A283-918E3E52A6E2}.Debug|Any CPU.Build.0 = Debug|Any CPU
		{B6102340-35CA-4D4D-A283-918E3E52A6E2}.Debug|x64.ActiveCfg = Debug|Any CPU
		{B6102340-35CA-4D4D-A283-918E3E52A6E2}.Debug|x64.Build.0 = Debug|Any CPU
		{B6102340-35CA-4D4D-A283-918E3E52A6E2}.Debug|x86.ActiveCfg = Debug|Any CPU
		{B6102340-35CA-4D4D-A283-918E3E52A6E2}.Debug|x86.Build.0 = Debug|Any CPU
		{B6102340-35CA-4D4D-A283-918E3E52A6E2}.Release|Any CPU.ActiveCfg = Release|Any CPU
		{B6102340-35CA-4D4D-A283-918E3E52A6E2}.Release|Any CPU.Build.0 = Release|Any CPU
		{B6102340-35CA-4D4D-A283-918E3E52A6E2}.Release|x64.ActiveCfg = Release|Any CPU
		{B6102340-35CA-4D4D-A283-918E3E52A6E2}.Release|x64.Build.0 = Release|Any CPU
		{B6102340-35CA-4D4D-A283-918E3E52A6E2}.Release|x86.ActiveCfg = Release|Any CPU
		{B6102340-35CA-4D4D-A283-918E3E52A6E2}.Release|x86.Build.0 = Release|Any CPU
		{036A2172-17FD-4B6F-808D-70937B8D4B98}.Debug|Any CPU.ActiveCfg = Debug|Any CPU
		{036A2172-17FD-4B6F-808D-70937B8D4B98}.Debug|Any CPU.Build.0 = Debug|Any CPU
		{036A2172-17FD-4B6F-808D-70937B8D4B98}.Debug|x64.ActiveCfg = Debug|Any CPU
		{036A2172-17FD-4B6F-808D-70937B8D4B98}.Debug|x64.Build.0 = Debug|Any CPU
		{036A2172-17FD-4B6F-808D-70937B8D4B98}.Debug|x86.ActiveCfg = Debug|Any CPU
		{036A2172-17FD-4B6F-808D-70937B8D4B98}.Debug|x86.Build.0 = Debug|Any CPU
		{036A2172-17FD-4B6F-808D-70937B8D4B98}.Release|Any CPU.ActiveCfg = Release|Any CPU
		{036A2172-17FD-4B6F-808D-70937B8D4B98}.Release|Any CPU.Build.0 = Release|Any CPU
		{036A2172-17FD-4B6F-808D-70937B8D4B98}.Release|x64.ActiveCfg = Release|Any CPU
		{036A2172-17FD-4B6F-808D-70937B8D4B98}.Release|x64.Build.0 = Release|Any CPU
		{036A2172-17FD-4B6F-808D-70937B8D4B98}.Release|x86.ActiveCfg = Release|Any CPU
		{036A2172-17FD-4B6F-808D-70937B8D4B98}.Release|x86.Build.0 = Release|Any CPU
		{2333D0EA-7AF3-4FB4-9DEA-B3A80EDB62FC}.Debug|Any CPU.ActiveCfg = Debug|Any CPU
		{2333D0EA-7AF3-4FB4-9DEA-B3A80EDB62FC}.Debug|Any CPU.Build.0 = Debug|Any CPU
		{2333D0EA-7AF3-4FB4-9DEA-B3A80EDB62FC}.Debug|x64.ActiveCfg = Debug|Any CPU
		{2333D0EA-7AF3-4FB4-9DEA-B3A80EDB62FC}.Debug|x64.Build.0 = Debug|Any CPU
		{2333D0EA-7AF3-4FB4-9DEA-B3A80EDB62FC}.Debug|x86.ActiveCfg = Debug|Any CPU
		{2333D0EA-7AF3-4FB4-9DEA-B3A80EDB62FC}.Debug|x86.Build.0 = Debug|Any CPU
		{2333D0EA-7AF3-4FB4-9DEA-B3A80EDB62FC}.Release|Any CPU.ActiveCfg = Release|Any CPU
		{2333D0EA-7AF3-4FB4-9DEA-B3A80EDB62FC}.Release|Any CPU.Build.0 = Release|Any CPU
		{2333D0EA-7AF3-4FB4-9DEA-B3A80EDB62FC}.Release|x64.ActiveCfg = Release|Any CPU
		{2333D0EA-7AF3-4FB4-9DEA-B3A80EDB62FC}.Release|x64.Build.0 = Release|Any CPU
		{2333D0EA-7AF3-4FB4-9DEA-B3A80EDB62FC}.Release|x86.ActiveCfg = Release|Any CPU
		{2333D0EA-7AF3-4FB4-9DEA-B3A80EDB62FC}.Release|x86.Build.0 = Release|Any CPU
		{6DD83025-0043-4C79-92A0-E9841B76FB86}.Debug|Any CPU.ActiveCfg = Debug|Any CPU
		{6DD83025-0043-4C79-92A0-E9841B76FB86}.Debug|Any CPU.Build.0 = Debug|Any CPU
		{6DD83025-0043-4C79-92A0-E9841B76FB86}.Debug|x64.ActiveCfg = Debug|Any CPU
		{6DD83025-0043-4C79-92A0-E9841B76FB86}.Debug|x64.Build.0 = Debug|Any CPU
		{6DD83025-0043-4C79-92A0-E9841B76FB86}.Debug|x86.ActiveCfg = Debug|Any CPU
		{6DD83025-0043-4C79-92A0-E9841B76FB86}.Debug|x86.Build.0 = Debug|Any CPU
		{6DD83025-0043-4C79-92A0-E9841B76FB86}.Release|Any CPU.ActiveCfg = Release|Any CPU
		{6DD83025-0043-4C79-92A0-E9841B76FB86}.Release|Any CPU.Build.0 = Release|Any CPU
		{6DD83025-0043-4C79-92A0-E9841B76FB86}.Release|x64.ActiveCfg = Release|Any CPU
		{6DD83025-0043-4C79-92A0-E9841B76FB86}.Release|x64.Build.0 = Release|Any CPU
		{6DD83025-0043-4C79-92A0-E9841B76FB86}.Release|x86.ActiveCfg = Release|Any CPU
		{6DD83025-0043-4C79-92A0-E9841B76FB86}.Release|x86.Build.0 = Release|Any CPU
	EndGlobalSection
	GlobalSection(SolutionProperties) = preSolution
		HideSolutionNode = FALSE
	EndGlobalSection
	GlobalSection(NestedProjects) = preSolution
		{496A9A00-6311-46EC-B0D3-2562603800E3} = {5F54B262-C824-4753-A5EB-6E918A051CDA}
		{C17FBACD-25AA-4D88-847A-6B958057AC01} = {5F54B262-C824-4753-A5EB-6E918A051CDA}
		{CA6BE3CC-283C-4D90-8A5E-AE8F758F184D} = {5F54B262-C824-4753-A5EB-6E918A051CDA}
		{4431F181-772E-44DD-89CA-BC8BAEC304D7} = {5F54B262-C824-4753-A5EB-6E918A051CDA}
		{7E2E0B2A-3CD1-4227-B10D-C48D5F03A86E} = {5F54B262-C824-4753-A5EB-6E918A051CDA}
		{208029EF-5B54-495C-86E2-2CC080368D52} = {5F54B262-C824-4753-A5EB-6E918A051CDA}
		{B8877348-043A-4D99-91AE-9D0E3FBAFBBF} = {5F54B262-C824-4753-A5EB-6E918A051CDA}
		{1DAAB466-0179-40D1-AEBF-BEA3A2B5920D} = {5F54B262-C824-4753-A5EB-6E918A051CDA}
		{99A0756E-CCD0-4301-BA75-31788884EB97} = {5F54B262-C824-4753-A5EB-6E918A051CDA}
		{CF3FCF43-D750-471B-80F5-008F71D9A842} = {5F54B262-C824-4753-A5EB-6E918A051CDA}
		{B6102340-35CA-4D4D-A283-918E3E52A6E2} = {5F54B262-C824-4753-A5EB-6E918A051CDA}
		{036A2172-17FD-4B6F-808D-70937B8D4B98} = {5F54B262-C824-4753-A5EB-6E918A051CDA}
		{2333D0EA-7AF3-4FB4-9DEA-B3A80EDB62FC} = {5F54B262-C824-4753-A5EB-6E918A051CDA}
		{6DD83025-0043-4C79-92A0-E9841B76FB86} = {5F54B262-C824-4753-A5EB-6E918A051CDA}
	EndGlobalSection
	GlobalSection(ExtensibilityGlobals) = postSolution
		SolutionGuid = {6CAA023F-D36C-4421-8AF1-F351814B9A30}
	EndGlobalSection
EndGlobal
